
Microsoft Visual Studio Solution File, Format Version 12.00
# Visual Studio Version 17
VisualStudioVersion = 17.14.36212.18 d17.14
MinimumVisualStudioVersion = 10.0.40219.1
Project("{FAE04EC0-301F-11D3-BF4B-00C04F79EFBC}") = "Api", "Api\Api.csproj", "{73A6E706-046A-451A-ABB7-4F314A52911B}"
EndProject
Global
	GlobalSection(SolutionConfigurationPlatforms) = preSolution
		Debug|Any CPU = Debug|Any CPU
		Release|Any CPU = Release|Any CPU
	EndGlobalSection
	GlobalSection(ProjectConfigurationPlatforms) = postSolution
		{73A6E706-046A-451A-ABB7-4F314A52911B}.Debug|Any CPU.ActiveCfg = Debug|Any CPU
		{73A6E706-046A-451A-ABB7-4F314A52911B}.Debug|Any CPU.Build.0 = Debug|Any CPU
		{73A6E706-046A-451A-ABB7-4F314A52911B}.Release|Any CPU.ActiveCfg = Release|Any CPU
		{73A6E706-046A-451A-ABB7-4F314A52911B}.Release|Any CPU.Build.0 = Release|Any CPU
	EndGlobalSection
	GlobalSection(SolutionProperties) = preSolution
		HideSolutionNode = FALSE
	EndGlobalSection
	GlobalSection(ExtensibilityGlobals) = postSolution
		SolutionGuid = {B3F745DF-F19E-421E-BCB0-556538D57B76}
	EndGlobalSection
EndGlobal
